
Microsoft Visual Studio Solution File, Format Version 12.00
# Visual Studio Version 17
VisualStudioVersion = 17.0.31903.59
MinimumVisualStudioVersion = 10.0.40219.1
Project("{FAE04EC0-301F-11D3-BF4B-00C04F79EFBC}") = "RPS", "RPS\RPS.csproj", "{31EB9BC1-722D-4A68-83EB-EE4E43C7A31B}"
EndProject
Global
	GlobalSection(SolutionConfigurationPlatforms) = preSolution
		Debug|Any CPU = Debug|Any CPU
		Release|Any CPU = Release|Any CPU
	EndGlobalSection
	GlobalSection(SolutionProperties) = preSolution
		HideSolutionNode = FALSE
	EndGlobalSection
	GlobalSection(ProjectConfigurationPlatforms) = postSolution
		{31EB9BC1-722D-4A68-83EB-EE4E43C7A31B}.Debug|Any CPU.ActiveCfg = Debug|Any CPU
		{31EB9BC1-722D-4A68-83EB-EE4E43C7A31B}.Debug|Any CPU.Build.0 = Debug|Any CPU
		{31EB9BC1-722D-4A68-83EB-EE4E43C7A31B}.Release|Any CPU.ActiveCfg = Release|Any CPU
		{31EB9BC1-722D-4A68-83EB-EE4E43C7A31B}.Release|Any CPU.Build.0 = Release|Any CPU
	EndGlobalSection
EndGlobal
